<?xml version="1.0" encoding="utf-8"?>
<Project ToolsVersion="4.0" xmlns="http://schemas.microsoft.com/developer/msbuild/2003">
  <ItemGroup>
    <Filter Include="Resource Files">
      <UniqueIdentifier>{67DA6AB6-F800-4c08-8B7A-83BB121AAD01}</UniqueIdentifier>
      <Extensions>rc;ico;cur;bmp;dlg;rc2;rct;bin;rgs;gif;jpg;jpeg;jpe;resx;tiff;tif;png;wav;mfcribbon-ms</Extensions>
    </Filter>
    <Filter Include="CoreSystems">
      <UniqueIdentifier>{9cc06372-51ab-4768-8da3-afb41762a270}</UniqueIdentifier>
    </Filter>
    <Filter Include="RayTracer_Application">
      <UniqueIdentifier>{f4a66e8e-f461-42a9-816e-98c1c8ec0d67}</UniqueIdentifier>
    </Filter>
    <Filter Include="CoreSystems\Framework">
      <UniqueIdentifier>{5eede737-2c77-403d-b8df-ad0f2745c6ad}</UniqueIdentifier>
    </Filter>
    <Filter Include="RayTracer_Application\Application">
      <UniqueIdentifier>{1b6e81a5-72f8-4083-9c38-eb1c00415b8a}</UniqueIdentifier>
    </Filter>
    <Filter Include="RayTracer_Application\Graphics">
      <UniqueIdentifier>{e00db54d-766a-45c0-8a5c-a5d0da3b7e2d}</UniqueIdentifier>
    </Filter>
    <Filter Include="Global">
      <UniqueIdentifier>{ffaf8949-4e14-4b16-98a7-2dbff4a185f2}</UniqueIdentifier>
    </Filter>
    <Filter Include="RayTracer_Application\Graphics\Shaders">
      <UniqueIdentifier>{0e981517-7c22-4f66-9f76-78e684d3d95c}</UniqueIdentifier>
    </Filter>
  </ItemGroup>
  <ItemGroup>
    <ClCompile Include="Source.cpp">
      <Filter>RayTracer_Application</Filter>
    </ClCompile>
    <ClCompile Include="CoreSystems\System.cpp">
      <Filter>CoreSystems\Framework</Filter>
    </ClCompile>
    <ClCompile Include="CoreSystems\Window.cpp">
      <Filter>CoreSystems\Framework</Filter>
    </ClCompile>
    <ClCompile Include="RayTracer\Application_RT.cpp">
      <Filter>RayTracer_Application\Application</Filter>
    </ClCompile>
    <ClCompile Include="RayTracer\Renderer_RT.cpp">
      <Filter>RayTracer_Application\Graphics</Filter>
    </ClCompile>
    <ClCompile Include="RayTracer\D3D11_Driver.cpp">
      <Filter>RayTracer_Application\Graphics</Filter>
    </ClCompile>
    <ClCompile Include="Global\TimerQPC.cpp">
      <Filter>Global</Filter>
    </ClCompile>
    <ClCompile Include="RayTracer\XMCamera.cpp">
      <Filter>RayTracer_Application\Application</Filter>
    </ClCompile>
    <ClCompile Include="RayTracer\Light.cpp">
      <Filter>RayTracer_Application</Filter>
    </ClCompile>
    <ClCompile Include="RayTracer\Ray.cpp">
      <Filter>RayTracer_Application</Filter>
    </ClCompile>
    <ClCompile Include="RayTracer\Geometry.cpp">
      <Filter>RayTracer_Application</Filter>
    </ClCompile>
    <ClCompile Include="RayTracer\D3DBuffer.cpp">
      <Filter>RayTracer_Application</Filter>
    </ClCompile>
    <ClCompile Include="include\WICTextureLoader.cpp">
      <Filter>Global</Filter>
    </ClCompile>
  </ItemGroup>
  <ItemGroup>
    <ClInclude Include="CoreSystems\IApplication.h">
      <Filter>CoreSystems</Filter>
    </ClInclude>
    <ClInclude Include="CoreSystems\IInput.h">
      <Filter>CoreSystems</Filter>
    </ClInclude>
    <ClInclude Include="CoreSystems\System.h">
      <Filter>CoreSystems\Framework</Filter>
    </ClInclude>
    <ClInclude Include="CoreSystems\CoreStd.h">
      <Filter>CoreSystems\Framework</Filter>
    </ClInclude>
    <ClInclude Include="CoreSystems\Window.h">
      <Filter>CoreSystems\Framework</Filter>
    </ClInclude>
    <ClInclude Include="CoreSystems\IRenderer.h">
      <Filter>CoreSystems</Filter>
    </ClInclude>
    <ClInclude Include="RayTracer\Application_RT.h">
      <Filter>RayTracer_Application\Application</Filter>
    </ClInclude>
    <ClInclude Include="RayTracer\Renderer_RT.h">
      <Filter>RayTracer_Application\Graphics</Filter>
    </ClInclude>
    <ClInclude Include="RayTracer\D3D11_Driver.h">
      <Filter>RayTracer_Application\Graphics</Filter>
    </ClInclude>
    <ClInclude Include="CoreSystems\ITimer.h">
      <Filter>CoreSystems</Filter>
    </ClInclude>
    <ClInclude Include="Global\SimpleInput.h">
      <Filter>Global</Filter>
    </ClInclude>
    <ClInclude Include="Global\TimerQPC.h">
      <Filter>Global</Filter>
    </ClInclude>
    <ClInclude Include="RayTracer\XMCamera.h">
      <Filter>RayTracer_Application\Application</Filter>
    </ClInclude>
    <ClInclude Include="RayTracer\D3DStd.h">
      <Filter>RayTracer_Application\Graphics</Filter>
    </ClInclude>
    <ClInclude Include="RayTracer\DriverUtility.h">
      <Filter>RayTracer_Application\Graphics</Filter>
    </ClInclude>
    <ClInclude Include="RayTracer\Light.h">
      <Filter>RayTracer_Application</Filter>
    </ClInclude>
    <ClInclude Include="RayTracer\Ray.h">
      <Filter>RayTracer_Application</Filter>
    </ClInclude>
    <ClInclude Include="RayTracer\Geometry.h">
      <Filter>RayTracer_Application</Filter>
    </ClInclude>
    <ClInclude Include="RayTracer\D3DBuffer.h">
      <Filter>RayTracer_Application</Filter>
    </ClInclude>
    <ClInclude Include="RayTracer\D3DBufferUtility.h">
      <Filter>RayTracer_Application</Filter>
    </ClInclude>
    <ClInclude Include="include\WICTextureLoader.h">
      <Filter>Global</Filter>
    </ClInclude>
  </ItemGroup>
  <ItemGroup>
    <FxCompile Include="RayTracer\CSPrimaryRays.hlsl">
      <Filter>RayTracer_Application\Graphics\Shaders</Filter>
    </FxCompile>
    <FxCompile Include="RayTracer\CSComputeColorRT.hlsl">
      <Filter>RayTracer_Application\Graphics\Shaders</Filter>
    </FxCompile>
    <FxCompile Include="RayTracer\CSIntersections.hlsl">
      <Filter>RayTracer_Application\Graphics\Shaders</Filter>
    </FxCompile>
  </ItemGroup>
  <ItemGroup>
    <None Include="RayTracer\App.hlsl">
      <Filter>RayTracer_Application\Graphics\Shaders</Filter>
    </None>
  </ItemGroup>
</Project>